
Microsoft Visual Studio Solution File, Format Version 12.00
# Visual Studio Version 17
VisualStudioVersion = 17.8.34525.116
MinimumVisualStudioVersion = 10.0.40219.1
Project("{FAE04EC0-301F-11D3-BF4B-00C04F79EFBC}") = "Binary Search", "Binary Search.csproj", "{457B9E16-5C1F-4710-B338-1D5627B4FBE5}"
EndProject
Global
	GlobalSection(SolutionConfigurationPlatforms) = preSolution
		Debug|Any CPU = Debug|Any CPU
		Release|Any CPU = Release|Any CPU
	EndGlobalSection
	GlobalSection(ProjectConfigurationPlatforms) = postSolution
		{457B9E16-5C1F-4710-B338-1D5627B4FBE5}.Debug|Any CPU.ActiveCfg = Debug|Any CPU
		{457B9E16-5C1F-4710-B338-1D5627B4FBE5}.Debug|Any CPU.Build.0 = Debug|Any CPU
		{457B9E16-5C1F-4710-B338-1D5627B4FBE5}.Release|Any CPU.ActiveCfg = Release|Any CPU
		{457B9E16-5C1F-4710-B338-1D5627B4FBE5}.Release|Any CPU.Build.0 = Release|Any CPU
	EndGlobalSection
	GlobalSection(SolutionProperties) = preSolution
		HideSolutionNode = FALSE
	EndGlobalSection
	GlobalSection(ExtensibilityGlobals) = postSolution
		SolutionGuid = {CC57B8DC-4B26-4D21-BEF0-02DE10211948}
	EndGlobalSection
EndGlobal
